
Microsoft Visual Studio Solution File, Format Version 12.00
# Visual Studio Version 17
VisualStudioVersion = 17.3.32922.545
MinimumVisualStudioVersion = 10.0.40219.1
Project("{FAE04EC0-301F-11D3-BF4B-00C04F79EFBC}") = "WpfApp1", "WpfApp1\WpfApp1.csproj", "{A4AA79AC-C7E1-4BDF-A841-FF1A061C26F0}"
EndProject
Global
	GlobalSection(SolutionConfigurationPlatforms) = preSolution
		Debug|Any CPU = Debug|Any CPU
		Release|Any CPU = Release|Any CPU
	EndGlobalSection
	GlobalSection(ProjectConfigurationPlatforms) = postSolution
		{A4AA79AC-C7E1-4BDF-A841-FF1A061C26F0}.Debug|Any CPU.ActiveCfg = Debug|Any CPU
		{A4AA79AC-C7E1-4BDF-A841-FF1A061C26F0}.Debug|Any CPU.Build.0 = Debug|Any CPU
		{A4AA79AC-C7E1-4BDF-A841-FF1A061C26F0}.Release|Any CPU.ActiveCfg = Release|Any CPU
		{A4AA79AC-C7E1-4BDF-A841-FF1A061C26F0}.Release|Any CPU.Build.0 = Release|Any CPU
	EndGlobalSection
	GlobalSection(SolutionProperties) = preSolution
		HideSolutionNode = FALSE
	EndGlobalSection
	GlobalSection(ExtensibilityGlobals) = postSolution
		SolutionGuid = {918B2A40-10FA-434D-8730-A607DF275045}
	EndGlobalSection
EndGlobal
